<?xml version="1.0" encoding="utf-8"?>
<Project ToolsVersion="4.0" xmlns="http://schemas.microsoft.com/developer/msbuild/2003">
  <ItemGroup>
    <Filter Include="源文件">
      <UniqueIdentifier>{4FC737F1-C7A5-4376-A066-2A32D752A2FF}</UniqueIdentifier>
      <Extensions>cpp;c;cc;cxx;def;odl;idl;hpj;bat;asm;asmx</Extensions>
    </Filter>
    <Filter Include="头文件">
      <UniqueIdentifier>{93995380-89BD-4b04-88EB-625FBE52EBFB}</UniqueIdentifier>
      <Extensions>h;hh;hpp;hxx;hm;inl;inc;xsd</Extensions>
    </Filter>
    <Filter Include="资源文件">
      <UniqueIdentifier>{67DA6AB6-F800-4c08-8B7A-83BB121AAD01}</UniqueIdentifier>
      <Extensions>rc;ico;cur;bmp;dlg;rc2;rct;bin;rgs;gif;jpg;jpeg;jpe;resx;tiff;tif;png;wav;mfcribbon-ms</Extensions>
    </Filter>
    <Filter Include="源文件\code1-100">
      <UniqueIdentifier>{14c086aa-02f4-4cdc-a248-a83fb30b97b4}</UniqueIdentifier>
    </Filter>
    <Filter Include="源文件\code100-200">
      <UniqueIdentifier>{00eee4c6-7802-4700-a15f-9faf8bd6964e}</UniqueIdentifier>
    </Filter>
    <Filter Include="源文件\code201-300">
      <UniqueIdentifier>{30601309-6d6b-4a94-a162-971b64ee005a}</UniqueIdentifier>
    </Filter>
    <Filter Include="源文件\code301-400">
      <UniqueIdentifier>{b8d5f848-fa29-43e1-8b51-ffe4c51eb30e}</UniqueIdentifier>
    </Filter>
    <Filter Include="源文件\code401-500">
      <UniqueIdentifier>{391b81b4-8780-41f3-bbd9-c8a3e6eb38b5}</UniqueIdentifier>
    </Filter>
    <Filter Include="源文件\code501-600">
      <UniqueIdentifier>{b9feacff-6c50-40ff-b969-02e4d3737da7}</UniqueIdentifier>
    </Filter>
    <Filter Include="源文件\code601-700">
      <UniqueIdentifier>{eeaeebf7-2566-401b-b5e1-7da38f13382e}</UniqueIdentifier>
    </Filter>
    <Filter Include="源文件\code701-800">
      <UniqueIdentifier>{5134a75b-43ab-4b7e-b605-e899e5442f6b}</UniqueIdentifier>
    </Filter>
    <Filter Include="源文件\code801-900">
      <UniqueIdentifier>{30dbc125-5a8f-460d-a2ae-93a1193d5e68}</UniqueIdentifier>
    </Filter>
    <Filter Include="源文件\1301-1400">
      <UniqueIdentifier>{8fa88745-abf9-4075-82f7-827539d03dd2}</UniqueIdentifier>
    </Filter>
  </ItemGroup>
  <ItemGroup>
    <ClCompile Include="start.cpp">
      <Filter>源文件</Filter>
    </ClCompile>
    <ClCompile Include="LeetCode.cpp">
      <Filter>源文件</Filter>
    </ClCompile>
  </ItemGroup>
  <ItemGroup>
    <ClInclude Include="LeetCode.h">
      <Filter>源文件</Filter>
    </ClInclude>
    <ClInclude Include="base.h">
      <Filter>源文件</Filter>
    </ClInclude>
    <ClInclude Include="code1-100\21.MergeTwoSortedLists.h">
      <Filter>源文件\code1-100</Filter>
    </ClInclude>
    <ClInclude Include="code100-200\102.BinaryTreeLevelOrderTraversal.h">
      <Filter>源文件\code100-200</Filter>
    </ClInclude>
    <ClInclude Include="code100-200\107_BinaryTreeLevelOrderTraversal_II.h">
      <Filter>源文件\code100-200</Filter>
    </ClInclude>
    <ClInclude Include="code100-200\199.BinaryTreeRightSideView.h">
      <Filter>源文件\code100-200</Filter>
    </ClInclude>
    <ClInclude Include="code1-100\46_Permutations.h">
      <Filter>源文件\code1-100</Filter>
    </ClInclude>
    <ClInclude Include="code1-100\47_PermutationsII.h">
      <Filter>源文件\code1-100</Filter>
    </ClInclude>
    <ClInclude Include="code1-100\39_CombinationSum.h">
      <Filter>源文件\code1-100</Filter>
    </ClInclude>
    <ClInclude Include="code1-100\40_CombinationSumII.h">
      <Filter>源文件\code1-100</Filter>
    </ClInclude>
    <ClInclude Include="code1-100\77_Combinations.h">
      <Filter>源文件\code1-100</Filter>
    </ClInclude>
    <ClInclude Include="code1-100\78_Subsets.h">
      <Filter>源文件\code1-100</Filter>
    </ClInclude>
    <ClInclude Include="code1-100\90_SubsetsII.h">
      <Filter>源文件\code1-100</Filter>
    </ClInclude>
    <ClInclude Include="code801-900\876_MiddleoftheLinkedList.h">
      <Filter>源文件\code801-900</Filter>
    </ClInclude>
    <ClInclude Include="code201-300\206_ReverseLinkedList.h">
      <Filter>源文件\code201-300</Filter>
    </ClInclude>
    <ClInclude Include="code100-200\143_ReorderList.h">
      <Filter>源文件\code100-200</Filter>
    </ClInclude>
    <ClInclude Include="code201-300\234_PalindromeLinkedList.h">
      <Filter>源文件\code201-300</Filter>
    </ClInclude>
    <ClInclude Include="1301-1400\1365_HowManyNumbersAreSmallerThantheCurrentNumber.h">
      <Filter>源文件\1301-1400</Filter>
    </ClInclude>
  </ItemGroup>
</Project>